
Microsoft Visual Studio Solution File, Format Version 12.00
# Visual Studio Version 17
VisualStudioVersion = 17.2.32616.157
MinimumVisualStudioVersion = 10.0.40219.1
Project("{FAE04EC0-301F-11D3-BF4B-00C04F79EFBC}") = "Lesson_05_Example(Constructor_overloading)", "Lesson_05_Example(Constructor_overloading)\Lesson_05_Example(Constructor_overloading).csproj", "{D0168995-25C3-445B-8193-AD18C403A7F0}"
EndProject
Project("{FAE04EC0-301F-11D3-BF4B-00C04F79EFBC}") = "Lesson05Exercises1", "Lesson05Exercises1\Lesson05Exercises1.csproj", "{C99D00D2-CEF9-44A9-B842-6A013EADD499}"
EndProject
Global
	GlobalSection(SolutionConfigurationPlatforms) = preSolution
		Debug|Any CPU = Debug|Any CPU
		Release|Any CPU = Release|Any CPU
	EndGlobalSection
	GlobalSection(ProjectConfigurationPlatforms) = postSolution
		{D0168995-25C3-445B-8193-AD18C403A7F0}.Debug|Any CPU.ActiveCfg = Debug|Any CPU
		{D0168995-25C3-445B-8193-AD18C403A7F0}.Debug|Any CPU.Build.0 = Debug|Any CPU
		{D0168995-25C3-445B-8193-AD18C403A7F0}.Release|Any CPU.ActiveCfg = Release|Any CPU
		{D0168995-25C3-445B-8193-AD18C403A7F0}.Release|Any CPU.Build.0 = Release|Any CPU
		{C99D00D2-CEF9-44A9-B842-6A013EADD499}.Debug|Any CPU.ActiveCfg = Debug|Any CPU
		{C99D00D2-CEF9-44A9-B842-6A013EADD499}.Debug|Any CPU.Build.0 = Debug|Any CPU
		{C99D00D2-CEF9-44A9-B842-6A013EADD499}.Release|Any CPU.ActiveCfg = Release|Any CPU
		{C99D00D2-CEF9-44A9-B842-6A013EADD499}.Release|Any CPU.Build.0 = Release|Any CPU
	EndGlobalSection
	GlobalSection(SolutionProperties) = preSolution
		HideSolutionNode = FALSE
	EndGlobalSection
	GlobalSection(ExtensibilityGlobals) = postSolution
		SolutionGuid = {FD3BDC55-3412-4A84-809A-BF8A39CCC91D}
	EndGlobalSection
EndGlobal
